
Microsoft Visual Studio Solution File, Format Version 12.00
# Visual Studio 14
VisualStudioVersion = 14.0.23107.0
MinimumVisualStudioVersion = 10.0.40219.1
Project("{F184B08F-C81C-45F6-A57F-5ABD9991F28F}") = "JCC", "JCC\JCC.vbproj", "{FE1B90C3-2B75-4C00-84B1-762399D64CB9}"
EndProject
Project("{FAE04EC0-301F-11D3-BF4B-00C04F79EFBC}") = "JCC.console", "JCC.console\JCC.console.csproj", "{8BC695DD-0C3D-45B3-8F6A-C0FDDDB2B5D9}"
	ProjectSection(ProjectDependencies) = postProject
		{02174F76-3D3B-47D3-A86F-F25E8D4FCBC1} = {02174F76-3D3B-47D3-A86F-F25E8D4FCBC1}
		{862B427F-E4AA-4B10-9A3C-DE19515E5408} = {862B427F-E4AA-4B10-9A3C-DE19515E5408}
		{2B9AED82-AC65-4375-9888-05E1A63D03D2} = {2B9AED82-AC65-4375-9888-05E1A63D03D2}
	EndProjectSection
EndProject
Project("{FAE04EC0-301F-11D3-BF4B-00C04F79EFBC}") = "JCC.Data", "JCC.Data\JCC.Data.csproj", "{11C28FEC-F9E5-430A-BF27-24D3643D6541}"
	ProjectSection(ProjectDependencies) = postProject
		{862B427F-E4AA-4B10-9A3C-DE19515E5408} = {862B427F-E4AA-4B10-9A3C-DE19515E5408}
	EndProjectSection
EndProject
Project("{FAE04EC0-301F-11D3-BF4B-00C04F79EFBC}") = "JCC.Service", "JCC.Service\JCC.Service.csproj", "{2B9AED82-AC65-4375-9888-05E1A63D03D2}"
	ProjectSection(ProjectDependencies) = postProject
		{02174F76-3D3B-47D3-A86F-F25E8D4FCBC1} = {02174F76-3D3B-47D3-A86F-F25E8D4FCBC1}
		{862B427F-E4AA-4B10-9A3C-DE19515E5408} = {862B427F-E4AA-4B10-9A3C-DE19515E5408}
		{11C28FEC-F9E5-430A-BF27-24D3643D6541} = {11C28FEC-F9E5-430A-BF27-24D3643D6541}
	EndProjectSection
EndProject
Project("{FAE04EC0-301F-11D3-BF4B-00C04F79EFBC}") = "JCC.Domain", "JCC.Domain\JCC.Domain.csproj", "{862B427F-E4AA-4B10-9A3C-DE19515E5408}"
EndProject
Project("{FAE04EC0-301F-11D3-BF4B-00C04F79EFBC}") = "JCC.Pattern", "JCC.Pattern\JCC.Pattern.csproj", "{02174F76-3D3B-47D3-A86F-F25E8D4FCBC1}"
	ProjectSection(ProjectDependencies) = postProject
		{11C28FEC-F9E5-430A-BF27-24D3643D6541} = {11C28FEC-F9E5-430A-BF27-24D3643D6541}
	EndProjectSection
EndProject
Global
	GlobalSection(SolutionConfigurationPlatforms) = preSolution
		Debug|Any CPU = Debug|Any CPU
		Release|Any CPU = Release|Any CPU
	EndGlobalSection
	GlobalSection(ProjectConfigurationPlatforms) = postSolution
		{FE1B90C3-2B75-4C00-84B1-762399D64CB9}.Debug|Any CPU.ActiveCfg = Debug|Any CPU
		{FE1B90C3-2B75-4C00-84B1-762399D64CB9}.Debug|Any CPU.Build.0 = Debug|Any CPU
		{FE1B90C3-2B75-4C00-84B1-762399D64CB9}.Release|Any CPU.ActiveCfg = Release|Any CPU
		{FE1B90C3-2B75-4C00-84B1-762399D64CB9}.Release|Any CPU.Build.0 = Release|Any CPU
		{8BC695DD-0C3D-45B3-8F6A-C0FDDDB2B5D9}.Debug|Any CPU.ActiveCfg = Debug|Any CPU
		{8BC695DD-0C3D-45B3-8F6A-C0FDDDB2B5D9}.Debug|Any CPU.Build.0 = Debug|Any CPU
		{8BC695DD-0C3D-45B3-8F6A-C0FDDDB2B5D9}.Release|Any CPU.ActiveCfg = Release|Any CPU
		{8BC695DD-0C3D-45B3-8F6A-C0FDDDB2B5D9}.Release|Any CPU.Build.0 = Release|Any CPU
		{11C28FEC-F9E5-430A-BF27-24D3643D6541}.Debug|Any CPU.ActiveCfg = Debug|Any CPU
		{11C28FEC-F9E5-430A-BF27-24D3643D6541}.Debug|Any CPU.Build.0 = Debug|Any CPU
		{11C28FEC-F9E5-430A-BF27-24D3643D6541}.Release|Any CPU.ActiveCfg = Release|Any CPU
		{11C28FEC-F9E5-430A-BF27-24D3643D6541}.Release|Any CPU.Build.0 = Release|Any CPU
		{2B9AED82-AC65-4375-9888-05E1A63D03D2}.Debug|Any CPU.ActiveCfg = Debug|Any CPU
		{2B9AED82-AC65-4375-9888-05E1A63D03D2}.Debug|Any CPU.Build.0 = Debug|Any CPU
		{2B9AED82-AC65-4375-9888-05E1A63D03D2}.Release|Any CPU.ActiveCfg = Release|Any CPU
		{2B9AED82-AC65-4375-9888-05E1A63D03D2}.Release|Any CPU.Build.0 = Release|Any CPU
		{862B427F-E4AA-4B10-9A3C-DE19515E5408}.Debug|Any CPU.ActiveCfg = Debug|Any CPU
		{862B427F-E4AA-4B10-9A3C-DE19515E5408}.Debug|Any CPU.Build.0 = Debug|Any CPU
		{862B427F-E4AA-4B10-9A3C-DE19515E5408}.Release|Any CPU.ActiveCfg = Release|Any CPU
		{862B427F-E4AA-4B10-9A3C-DE19515E5408}.Release|Any CPU.Build.0 = Release|Any CPU
		{02174F76-3D3B-47D3-A86F-F25E8D4FCBC1}.Debug|Any CPU.ActiveCfg = Debug|Any CPU
		{02174F76-3D3B-47D3-A86F-F25E8D4FCBC1}.Debug|Any CPU.Build.0 = Debug|Any CPU
		{02174F76-3D3B-47D3-A86F-F25E8D4FCBC1}.Release|Any CPU.ActiveCfg = Release|Any CPU
		{02174F76-3D3B-47D3-A86F-F25E8D4FCBC1}.Release|Any CPU.Build.0 = Release|Any CPU
	EndGlobalSection
	GlobalSection(SolutionProperties) = preSolution
		HideSolutionNode = FALSE
	EndGlobalSection
EndGlobal
